
Microsoft Visual Studio Solution File, Format Version 12.00
# Visual Studio Version 17
VisualStudioVersion = 17.8.34330.188
MinimumVisualStudioVersion = 10.0.40219.1
Project("{9A19103F-16F7-4668-BE54-9A1E7A4F7556}") = "SOS Organization Manager", "SOS Organization Manager\SOS Organization Manager.csproj", "{0585E080-C890-4484-A18F-0186302613CB}"
EndProject
Global
	GlobalSection(SolutionConfigurationPlatforms) = preSolution
		Debug|Any CPU = Debug|Any CPU
		Release|Any CPU = Release|Any CPU
	EndGlobalSection
	GlobalSection(ProjectConfigurationPlatforms) = postSolution
		{0585E080-C890-4484-A18F-0186302613CB}.Debug|Any CPU.ActiveCfg = Debug|Any CPU
		{0585E080-C890-4484-A18F-0186302613CB}.Debug|Any CPU.Build.0 = Debug|Any CPU
		{0585E080-C890-4484-A18F-0186302613CB}.Release|Any CPU.ActiveCfg = Release|Any CPU
		{0585E080-C890-4484-A18F-0186302613CB}.Release|Any CPU.Build.0 = Release|Any CPU
	EndGlobalSection
	GlobalSection(SolutionProperties) = preSolution
		HideSolutionNode = FALSE
	EndGlobalSection
	GlobalSection(ExtensibilityGlobals) = postSolution
		SolutionGuid = {CE6C8FCC-5DCA-47BE-8DA7-FCD27D8B7898}
	EndGlobalSection
EndGlobal
